
Microsoft Visual Studio Solution File, Format Version 12.00
# Visual Studio Version 16
VisualStudioVersion = 16.0.29123.88
MinimumVisualStudioVersion = 10.0.40219.1
Project("{FAE04EC0-301F-11D3-BF4B-00C04F79EFBC}") = "LiquidBottler", "LiquidBottler\LiquidBottler.csproj", "{4C9866F1-C2CA-425A-BA8B-D2E2EB1A354D}"
EndProject
Global
	GlobalSection(SolutionConfigurationPlatforms) = preSolution
		Debug|Any CPU = Debug|Any CPU
		Release|Any CPU = Release|Any CPU
	EndGlobalSection
	GlobalSection(ProjectConfigurationPlatforms) = postSolution
		{4C9866F1-C2CA-425A-BA8B-D2E2EB1A354D}.Debug|Any CPU.ActiveCfg = Debug|Any CPU
		{4C9866F1-C2CA-425A-BA8B-D2E2EB1A354D}.Debug|Any CPU.Build.0 = Debug|Any CPU
		{4C9866F1-C2CA-425A-BA8B-D2E2EB1A354D}.Release|Any CPU.ActiveCfg = Release|Any CPU
		{4C9866F1-C2CA-425A-BA8B-D2E2EB1A354D}.Release|Any CPU.Build.0 = Release|Any CPU
	EndGlobalSection
	GlobalSection(SolutionProperties) = preSolution
		HideSolutionNode = FALSE
	EndGlobalSection
	GlobalSection(ExtensibilityGlobals) = postSolution
		SolutionGuid = {C4F95924-00F9-4A01-8350-EA3EAD4D79BF}
	EndGlobalSection
EndGlobal
